// !$*UTF8*$!
{
	archiveVersion = 1;
	classes = {
	};
	objectVersion = 46;
	objects = {

/* Begin PBXBuildFile section */
		434AC9BE1A5E0FAA001EDEAB /* main.m in Sources */ = {isa = PBXBuildFile; fileRef = 434AC9BD1A5E0FAA001EDEAB /* main.m */; };
		434AC9C61A5E0FB5001EDEAB /* Node.m in Sources */ = {isa = PBXBuildFile; fileRef = 434AC9C51A5E0FB5001EDEAB /* Node.m */; };
		434AC9C91A5E0FE0001EDEAB /* HashSet.m in Sources */ = {isa = PBXBuildFile; fileRef = 434AC9C81A5E0FE0001EDEAB /* HashSet.m */; };
/* End PBXBuildFile section */

/* Begin PBXCopyFilesBuildPhase section */
		434AC9B81A5E0FAA001EDEAB /* CopyFiles */ = {
			isa = PBXCopyFilesBuildPhase;
			buildActionMask = 2147483647;
			dstPath = /usr/share/man/man1/;
			dstSubfolderSpec = 0;
			files = (
			);
			runOnlyForDeploymentPostprocessing = 1;
		};
/* End PBXCopyFilesBuildPhase section */

/* Begin PBXFileReference section */
		434AC9BA1A5E0FAA001EDEAB /* HashSet_Chaining */ = {isa = PBXFileReference; explicitFileType = "compiled.mach-o.executable"; includeInIndex = 0; path = HashSet_Chaining; sourceTree = BUILT_PRODUCTS_DIR; };
		434AC9BD1A5E0FAA001EDEAB /* main.m */ = {isa = PBXFileReference; lastKnownFileType = sourcecode.c.objc; path = main.m; sourceTree = "<group>"; };
		434AC9C41A5E0FB5001EDEAB /* Node.h */ = {isa = PBXFileReference; fileEncoding = 4; lastKnownFileType = sourcecode.c.h; path = Node.h; sourceTree = "<group>"; };
		434AC9C51A5E0FB5001EDEAB /* Node.m */ = {isa = PBXFileReference; fileEncoding = 4; lastKnownFileType = sourcecode.c.objc; path = Node.m; sourceTree = "<group>"; };
		434AC9C71A5E0FE0001EDEAB /* HashSet.h */ = {isa = PBXFileReference; fileEncoding = 4; lastKnownFileType = sourcecode.c.h; path = HashSet.h; sourceTree = "<group>"; };
		434AC9C81A5E0FE0001EDEAB /* HashSet.m */ = {isa = PBXFileReference; fileEncoding = 4; lastKnownFileType = sourcecode.c.objc; path = HashSet.m; sourceTree = "<group>"; };
/* End PBXFileReference section */

/* Begin PBXFrameworksBuildPhase section */
		434AC9B71A5E0FAA001EDEAB /* Frameworks */ = {
			isa = PBXFrameworksBuildPhase;
			buildActionMask = 2147483647;
			files = (
			);
			runOnlyForDeploymentPostprocessing = 0;
		};
/* End PBXFrameworksBuildPhase section */

/* Begin PBXGroup section */
		434AC9B11A5E0FAA001EDEAB = {
			isa = PBXGroup;
			children = (
				434AC9BC1A5E0FAA001EDEAB /* HashSet_Chaining */,
				434AC9BB1A5E0FAA001EDEAB /* Products */,
			);
			sourceTree = "<group>";
		};
		434AC9BB1A5E0FAA001EDEAB /* Products */ = {
			isa = PBXGroup;
			children = (
				434AC9BA1A5E0FAA001EDEAB /* HashSet_Chaining */,
			);
			name = Products;
			sourceTree = "<group>";
		};
		434AC9BC1A5E0FAA001EDEAB /* HashSet_Chaining */ = {
			isa = PBXGroup;
			children = (
				434AC9BD1A5E0FAA001EDEAB /* main.m */,
				434AC9C71A5E0FE0001EDEAB /* HashSet.h */,
				434AC9C81A5E0FE0001EDEAB /* HashSet.m */,
				434AC9C41A5E0FB5001EDEAB /* Node.h */,
				434AC9C51A5E0FB5001EDEAB /* Node.m */,
			);
			path = HashSet_Chaining;
			sourceTree = "<group>";
		};
/* End PBXGroup section */

/* Begin PBXNativeTarget section */
		434AC9B91A5E0FAA001EDEAB /* HashSet_Chaining */ = {
			isa = PBXNativeTarget;
			buildConfigurationList = 434AC9C11A5E0FAA001EDEAB /* Build configuration list for PBXNativeTarget "HashSet_Chaining" */;
			buildPhases = (
				434AC9B61A5E0FAA001EDEAB /* Sources */,
				434AC9B71A5E0FAA001EDEAB /* Frameworks */,
				434AC9B81A5E0FAA001EDEAB /* CopyFiles */,
			);
			buildRules = (
			);
			dependencies = (
			);
			name = HashSet_Chaining;
			productName = HashSet_Chaining;
			productReference = 434AC9BA1A5E0FAA001EDEAB /* HashSet_Chaining */;
			productType = "com.apple.product-type.tool";
		};
/* End PBXNativeTarget section */

/* Begin PBXProject section */
		434AC9B21A5E0FAA001EDEAB /* Project object */ = {
			isa = PBXProject;
			attributes = {
				LastUpgradeCheck = 0610;
				ORGANIZATIONNAME = LL;
				TargetAttributes = {
					434AC9B91A5E0FAA001EDEAB = {
						CreatedOnToolsVersion = 6.1;
					};
				};
			};
			buildConfigurationList = 434AC9B51A5E0FAA001EDEAB /* Build configuration list for PBXProject "HashSet_Chaining" */;
			compatibilityVersion = "Xcode 3.2";
			developmentRegion = English;
			hasScannedForEncodings = 0;
			knownRegions = (
				en,
			);
			mainGroup = 434AC9B11A5E0FAA001EDEAB;
			productRefGroup = 434AC9BB1A5E0FAA001EDEAB /* Products */;
			projectDirPath = "";
			projectRoot = "";
			targets = (
				434AC9B91A5E0FAA001EDEAB /* HashSet_Chaining */,
			);
		};
/* End PBXProject section */

/* Begin PBXSourcesBuildPhase section */
		434AC9B61A5E0FAA001EDEAB /* Sources */ = {
			isa = PBXSourcesBuildPhase;
			buildActionMask = 2147483647;
			files = (
				434AC9C91A5E0FE0001EDEAB /* HashSet.m in Sources */,
				434AC9BE1A5E0FAA001EDEAB /* main.m in Sources */,
				434AC9C61A5E0FB5001EDEAB /* Node.m in Sources */,
			);
			runOnlyForDeploymentPostprocessing = 0;
		};
/* End PBXSourcesBuildPhase section */

/* Begin XCBuildConfiguration section */
		434AC9BF1A5E0FAA001EDEAB /* Debug */ = {
			isa = XCBuildConfiguration;
			buildSettings = {
				ALWAYS_SEARCH_USER_PATHS = NO;
				CLANG_CXX_LANGUAGE_STANDARD = "gnu++0x";
				CLANG_CXX_LIBRARY = "libc++";
				CLANG_ENABLE_MODULES = YES;
				CLANG_ENABLE_OBJC_ARC = YES;
				CLANG_WARN_BOOL_CONVERSION = YES;
				CLANG_WARN_CONSTANT_CONVERSION = YES;
				CLANG_WARN_DIRECT_OBJC_ISA_USAGE = YES_ERROR;
				CLANG_WARN_EMPTY_BODY = YES;
				CLANG_WARN_ENUM_CONVERSION = YES;
				CLANG_WARN_INT_CONVERSION = YES;
				CLANG_WARN_OBJC_ROOT_CLASS = YES_ERROR;
				CLANG_WARN_UNREACHABLE_CODE = YES;
				CLANG_WARN__DUPLICATE_METHOD_MATCH = YES;
				COPY_PHASE_STRIP = NO;
				ENABLE_STRICT_OBJC_MSGSEND = YES;
				GCC_C_LANGUAGE_STANDARD = gnu99;
				GCC_DYNAMIC_NO_PIC = NO;
				GCC_OPTIMIZATION_LEVEL = 0;
				GCC_PREPROCESSOR_DEFINITIONS = (
					"DEBUG=1",
					"$(inherited)",
				);
				GCC_SYMBOLS_PRIVATE_EXTERN = NO;
				GCC_WARN_64_TO_32_BIT_CONVERSION = YES;
				GCC_WARN_ABOUT_RETURN_TYPE = YES_ERROR;
				GCC_WARN_UNDECLARED_SELECTOR = YES;
				GCC_WARN_UNINITIALIZED_AUTOS = YES_AGGRESSIVE;
				GCC_WARN_UNUSED_FUNCTION = YES;
				GCC_WARN_UNUSED_VARIABLE = YES;
				MACOSX_DEPLOYMENT_TARGET = 10.9;
				MTL_ENABLE_DEBUG_INFO = YES;
				ONLY_ACTIVE_ARCH = YES;
				SDKROOT = macosx;
			};
			name = Debug;
		};
		434AC9C01A5E0FAA001EDEAB /* Release */ = {
			isa = XCBuildConfiguration;
			buildSettings = {
				ALWAYS_SEARCH_USER_PATHS = NO;
				CLANG_CXX_LANGUAGE_STANDARD = "gnu++0x";
				CLANG_CXX_LIBRARY = "libc++";
				CLANG_ENABLE_MODULES = YES;
				CLANG_ENABLE_OBJC_ARC = YES;
				CLANG_WARN_BOOL_CONVERSION = YES;
				CLANG_WARN_CONSTANT_CONVERSION = YES;
				CLANG_WARN_DIRECT_OBJC_ISA_USAGE = YES_ERROR;
				CLANG_WARN_EMPTY_BODY = YES;
				CLANG_WARN_ENUM_CONVERSION = YES;
				CLANG_WARN_INT_CONVERSION = YES;
				CLANG_WARN_OBJC_ROOT_CLASS = YES_ERROR;
				CLANG_WARN_UNREACHABLE_CODE = YES;
				CLANG_WARN__DUPLICATE_METHOD_MATCH = YES;
				COPY_PHASE_STRIP = YES;
				DEBUG_INFORMATION_FORMAT = "dwarf-with-dsym";
				ENABLE_NS_ASSERTIONS = NO;
				ENABLE_STRICT_OBJC_MSGSEND = YES;
				GCC_C_LANGUAGE_STANDARD = gnu99;
				GCC_WARN_64_TO_32_BIT_CONVERSION = YES;
				GCC_WARN_ABOUT_RETURN_TYPE = YES_ERROR;
				GCC_WARN_UNDECLARED_SELECTOR = YES;
				GCC_WARN_UNINITIALIZED_AUTOS = YES_AGGRESSIVE;
				GCC_WARN_UNUSED_FUNCTION = YES;
				GCC_WARN_UNUSED_VARIABLE = YES;
				MACOSX_DEPLOYMENT_TARGET = 10.9;
				MTL_ENABLE_DEBUG_INFO = NO;
				SDKROOT = macosx;
			};
			name = Release;
		};
		434AC9C21A5E0FAA001EDEAB /* Debug */ = {
			isa = XCBuildConfiguration;
			buildSettings = {
				PRODUCT_NAME = "$(TARGET_NAME)";
			};
			name = Debug;
		};
		434AC9C31A5E0FAA001EDEAB /* Release */ = {
			isa = XCBuildConfiguration;
			buildSettings = {
				PRODUCT_NAME = "$(TARGET_NAME)";
			};
			name = Release;
		};
/* End XCBuildConfiguration section */

/* Begin XCConfigurationList section */
		434AC9B51A5E0FAA001EDEAB /* Build configuration list for PBXProject "HashSet_Chaining" */ = {
			isa = XCConfigurationList;
			buildConfigurations = (
				434AC9BF1A5E0FAA001EDEAB /* Debug */,
				434AC9C01A5E0FAA001EDEAB /* Release */,
			);
			defaultConfigurationIsVisible = 0;
			defaultConfigurationName = Release;
		};
		434AC9C11A5E0FAA001EDEAB /* Build configuration list for PBXNativeTarget "HashSet_Chaining" */ = {
			isa = XCConfigurationList;
			buildConfigurations = (
				434AC9C21A5E0FAA001EDEAB /* Debug */,
				434AC9C31A5E0FAA001EDEAB /* Release */,
			);
			defaultConfigurationIsVisible = 0;
		};
/* End XCConfigurationList section */
	};
	rootObject = 434AC9B21A5E0FAA001EDEAB /* Project object */;
}
